
Microsoft Visual Studio Solution File, Format Version 12.00
# Visual Studio Version 17
VisualStudioVersion = 17.5.33502.453
MinimumVisualStudioVersion = 10.0.40219.1
Project("{FAE04EC0-301F-11D3-BF4B-00C04F79EFBC}") = "AppCalculator2.FE", "AppCalculadora2\AppCalculator2.FE.csproj", "{2613A8B9-00F9-4803-B360-0AD7EE9E7091}"
EndProject
Project("{FAE04EC0-301F-11D3-BF4B-00C04F79EFBC}") = "AppCalculator2.BE", "AppCalculator2.BE\AppCalculator2.BE.csproj", "{DBD253D2-1232-4E4E-8538-4668051CFD9E}"
EndProject
Global
	GlobalSection(SolutionConfigurationPlatforms) = preSolution
		Debug|Any CPU = Debug|Any CPU
		Release|Any CPU = Release|Any CPU
	EndGlobalSection
	GlobalSection(ProjectConfigurationPlatforms) = postSolution
		{2613A8B9-00F9-4803-B360-0AD7EE9E7091}.Debug|Any CPU.ActiveCfg = Debug|Any CPU
		{2613A8B9-00F9-4803-B360-0AD7EE9E7091}.Debug|Any CPU.Build.0 = Debug|Any CPU
		{2613A8B9-00F9-4803-B360-0AD7EE9E7091}.Release|Any CPU.ActiveCfg = Release|Any CPU
		{2613A8B9-00F9-4803-B360-0AD7EE9E7091}.Release|Any CPU.Build.0 = Release|Any CPU
		{DBD253D2-1232-4E4E-8538-4668051CFD9E}.Debug|Any CPU.ActiveCfg = Debug|Any CPU
		{DBD253D2-1232-4E4E-8538-4668051CFD9E}.Debug|Any CPU.Build.0 = Debug|Any CPU
		{DBD253D2-1232-4E4E-8538-4668051CFD9E}.Release|Any CPU.ActiveCfg = Release|Any CPU
		{DBD253D2-1232-4E4E-8538-4668051CFD9E}.Release|Any CPU.Build.0 = Release|Any CPU
	EndGlobalSection
	GlobalSection(SolutionProperties) = preSolution
		HideSolutionNode = FALSE
	EndGlobalSection
	GlobalSection(ExtensibilityGlobals) = postSolution
		SolutionGuid = {A0396F2E-1CB1-4565-923A-5C200DC35FDB}
	EndGlobalSection
EndGlobal
